{
  "meteor": {},
  "dependencies": {
    "basePackages": {
      "smart-collections": {}
    },
    "packages": {
      "smart-collections": {
        "git": "https://github.com/arunoda/meteor-smart-collections.git",
        "tag": "v0.2.9",
        "commit": "7f6248f97ad4ff4b493938796bb27709282805a2"
      }
    }
  }
}
